
Microsoft Visual Studio Solution File, Format Version 12.00
# Visual Studio Version 16
VisualStudioVersion = 16.0.31321.278
MinimumVisualStudioVersion = 10.0.40219.1
Project("{9A19103F-16F7-4668-BE54-9A1E7A4F7556}") = "ConsoleApp1", "ConsoleApp1\ConsoleApp1.csproj", "{42FD1EB4-4511-4891-A491-C916A50C6AB9}"
EndProject
Project("{FAE04EC0-301F-11D3-BF4B-00C04F79EFBC}") = "ConsoleApp2", "ConsoleApp2\ConsoleApp2.csproj", "{6FE32230-6BAD-4BF9-BA5C-0777FB2A9A4F}"
EndProject
Project("{FAE04EC0-301F-11D3-BF4B-00C04F79EFBC}") = "ConsoleApp3", "ConsoleApp3\ConsoleApp3.csproj", "{40181827-164B-4E85-B475-04E79B120B89}"
EndProject
Project("{FAE04EC0-301F-11D3-BF4B-00C04F79EFBC}") = "ConsoleApp4", "ConsoleApp4\ConsoleApp4.csproj", "{32C767AF-FD94-47BC-A935-61AC1A6CBF12}"
EndProject
Project("{FAE04EC0-301F-11D3-BF4B-00C04F79EFBC}") = "ConsoleApp5", "ConsoleApp5\ConsoleApp5.csproj", "{46EF8567-E28C-460E-AC34-64CAC3AD1C16}"
EndProject
Global
	GlobalSection(SolutionConfigurationPlatforms) = preSolution
		Debug|Any CPU = Debug|Any CPU
		Release|Any CPU = Release|Any CPU
	EndGlobalSection
	GlobalSection(ProjectConfigurationPlatforms) = postSolution
		{42FD1EB4-4511-4891-A491-C916A50C6AB9}.Debug|Any CPU.ActiveCfg = Debug|Any CPU
		{42FD1EB4-4511-4891-A491-C916A50C6AB9}.Debug|Any CPU.Build.0 = Debug|Any CPU
		{42FD1EB4-4511-4891-A491-C916A50C6AB9}.Release|Any CPU.ActiveCfg = Release|Any CPU
		{42FD1EB4-4511-4891-A491-C916A50C6AB9}.Release|Any CPU.Build.0 = Release|Any CPU
		{6FE32230-6BAD-4BF9-BA5C-0777FB2A9A4F}.Debug|Any CPU.ActiveCfg = Debug|Any CPU
		{6FE32230-6BAD-4BF9-BA5C-0777FB2A9A4F}.Debug|Any CPU.Build.0 = Debug|Any CPU
		{6FE32230-6BAD-4BF9-BA5C-0777FB2A9A4F}.Release|Any CPU.ActiveCfg = Release|Any CPU
		{6FE32230-6BAD-4BF9-BA5C-0777FB2A9A4F}.Release|Any CPU.Build.0 = Release|Any CPU
		{40181827-164B-4E85-B475-04E79B120B89}.Debug|Any CPU.ActiveCfg = Debug|Any CPU
		{40181827-164B-4E85-B475-04E79B120B89}.Debug|Any CPU.Build.0 = Debug|Any CPU
		{40181827-164B-4E85-B475-04E79B120B89}.Release|Any CPU.ActiveCfg = Release|Any CPU
		{40181827-164B-4E85-B475-04E79B120B89}.Release|Any CPU.Build.0 = Release|Any CPU
		{32C767AF-FD94-47BC-A935-61AC1A6CBF12}.Debug|Any CPU.ActiveCfg = Debug|Any CPU
		{32C767AF-FD94-47BC-A935-61AC1A6CBF12}.Debug|Any CPU.Build.0 = Debug|Any CPU
		{32C767AF-FD94-47BC-A935-61AC1A6CBF12}.Release|Any CPU.ActiveCfg = Release|Any CPU
		{32C767AF-FD94-47BC-A935-61AC1A6CBF12}.Release|Any CPU.Build.0 = Release|Any CPU
		{46EF8567-E28C-460E-AC34-64CAC3AD1C16}.Debug|Any CPU.ActiveCfg = Debug|Any CPU
		{46EF8567-E28C-460E-AC34-64CAC3AD1C16}.Debug|Any CPU.Build.0 = Debug|Any CPU
		{46EF8567-E28C-460E-AC34-64CAC3AD1C16}.Release|Any CPU.ActiveCfg = Release|Any CPU
		{46EF8567-E28C-460E-AC34-64CAC3AD1C16}.Release|Any CPU.Build.0 = Release|Any CPU
	EndGlobalSection
	GlobalSection(SolutionProperties) = preSolution
		HideSolutionNode = FALSE
	EndGlobalSection
	GlobalSection(ExtensibilityGlobals) = postSolution
		SolutionGuid = {C05ADAC3-33CD-4670-A15C-7FDA644CF233}
	EndGlobalSection
EndGlobal
